
Microsoft Visual Studio Solution File, Format Version 12.00
# Visual Studio Version 16
VisualStudioVersion = 16.0.32106.194
MinimumVisualStudioVersion = 10.0.40219.1
Project("{FAE04EC0-301F-11D3-BF4B-00C04F79EFBC}") = "3-dot-net", "3-dot-net\3-dot-net.csproj", "{824A9DF1-8675-40A2-851A-3B57D9510780}"
EndProject
Global
	GlobalSection(SolutionConfigurationPlatforms) = preSolution
		Debug|Any CPU = Debug|Any CPU
		Release|Any CPU = Release|Any CPU
	EndGlobalSection
	GlobalSection(ProjectConfigurationPlatforms) = postSolution
		{824A9DF1-8675-40A2-851A-3B57D9510780}.Debug|Any CPU.ActiveCfg = Debug|Any CPU
		{824A9DF1-8675-40A2-851A-3B57D9510780}.Debug|Any CPU.Build.0 = Debug|Any CPU
		{824A9DF1-8675-40A2-851A-3B57D9510780}.Release|Any CPU.ActiveCfg = Release|Any CPU
		{824A9DF1-8675-40A2-851A-3B57D9510780}.Release|Any CPU.Build.0 = Release|Any CPU
	EndGlobalSection
	GlobalSection(SolutionProperties) = preSolution
		HideSolutionNode = FALSE
	EndGlobalSection
	GlobalSection(ExtensibilityGlobals) = postSolution
		SolutionGuid = {7E154447-393E-4507-BE5D-257635917606}
	EndGlobalSection
EndGlobal
