
Microsoft Visual Studio Solution File, Format Version 12.00
# Visual Studio Version 16
VisualStudioVersion = 16.0.32106.194
MinimumVisualStudioVersion = 10.0.40219.1
Project("{FAE04EC0-301F-11D3-BF4B-00C04F79EFBC}") = "5a-dot-net", "5a-dot-net\5a-dot-net.csproj", "{10BFB4E9-5E42-4575-8BA4-9291998E3CB2}"
EndProject
Global
	GlobalSection(SolutionConfigurationPlatforms) = preSolution
		Debug|Any CPU = Debug|Any CPU
		Release|Any CPU = Release|Any CPU
	EndGlobalSection
	GlobalSection(ProjectConfigurationPlatforms) = postSolution
		{10BFB4E9-5E42-4575-8BA4-9291998E3CB2}.Debug|Any CPU.ActiveCfg = Debug|Any CPU
		{10BFB4E9-5E42-4575-8BA4-9291998E3CB2}.Debug|Any CPU.Build.0 = Debug|Any CPU
		{10BFB4E9-5E42-4575-8BA4-9291998E3CB2}.Release|Any CPU.ActiveCfg = Release|Any CPU
		{10BFB4E9-5E42-4575-8BA4-9291998E3CB2}.Release|Any CPU.Build.0 = Release|Any CPU
	EndGlobalSection
	GlobalSection(SolutionProperties) = preSolution
		HideSolutionNode = FALSE
	EndGlobalSection
	GlobalSection(ExtensibilityGlobals) = postSolution
		SolutionGuid = {7369931B-AF37-40C3-A173-C0E67C4A1434}
	EndGlobalSection
EndGlobal
