
Microsoft Visual Studio Solution File, Format Version 12.00
# Visual Studio Version 16
VisualStudioVersion = 16.0.32106.194
MinimumVisualStudioVersion = 10.0.40219.1
Project("{FAE04EC0-301F-11D3-BF4B-00C04F79EFBC}") = "10-dot-net", "10-dot-net\10-dot-net.csproj", "{A52EA9E8-3F35-43AF-B4B7-0970C148FBF3}"
EndProject
Global
	GlobalSection(SolutionConfigurationPlatforms) = preSolution
		Debug|Any CPU = Debug|Any CPU
		Release|Any CPU = Release|Any CPU
	EndGlobalSection
	GlobalSection(ProjectConfigurationPlatforms) = postSolution
		{A52EA9E8-3F35-43AF-B4B7-0970C148FBF3}.Debug|Any CPU.ActiveCfg = Debug|Any CPU
		{A52EA9E8-3F35-43AF-B4B7-0970C148FBF3}.Debug|Any CPU.Build.0 = Debug|Any CPU
		{A52EA9E8-3F35-43AF-B4B7-0970C148FBF3}.Release|Any CPU.ActiveCfg = Release|Any CPU
		{A52EA9E8-3F35-43AF-B4B7-0970C148FBF3}.Release|Any CPU.Build.0 = Release|Any CPU
	EndGlobalSection
	GlobalSection(SolutionProperties) = preSolution
		HideSolutionNode = FALSE
	EndGlobalSection
	GlobalSection(ExtensibilityGlobals) = postSolution
		SolutionGuid = {64060257-3A78-4242-AC00-D7A066E67D2A}
	EndGlobalSection
EndGlobal
